
Microsoft Visual Studio Solution File, Format Version 12.00
# Visual Studio Version 17
VisualStudioVersion = 17.0.32126.317
MinimumVisualStudioVersion = 10.0.40219.1
Project("{FAE04EC0-301F-11D3-BF4B-00C04F79EFBC}") = "API", "API\API.csproj", "{CD725978-F16B-4872-ABE2-E6C874E40776}"
EndProject
Project("{FAE04EC0-301F-11D3-BF4B-00C04F79EFBC}") = "Domain", "Domain\Domain.csproj", "{068E83B2-E4D1-485B-86EA-F0957868E3D3}"
EndProject
Project("{FAE04EC0-301F-11D3-BF4B-00C04F79EFBC}") = "Persistence", "Persistence\Persistence.csproj", "{25D7148B-40BD-4F0D-8D0A-EA2D0C8B2377}"
EndProject
Project("{FAE04EC0-301F-11D3-BF4B-00C04F79EFBC}") = "Application", "Application\Application.csproj", "{A7243ADC-F181-4266-ADC2-AEC8381820EE}"
EndProject
Global
	GlobalSection(SolutionConfigurationPlatforms) = preSolution
		Debug|Any CPU = Debug|Any CPU
		Release|Any CPU = Release|Any CPU
	EndGlobalSection
	GlobalSection(ProjectConfigurationPlatforms) = postSolution
		{CD725978-F16B-4872-ABE2-E6C874E40776}.Debug|Any CPU.ActiveCfg = Debug|Any CPU
		{CD725978-F16B-4872-ABE2-E6C874E40776}.Debug|Any CPU.Build.0 = Debug|Any CPU
		{CD725978-F16B-4872-ABE2-E6C874E40776}.Release|Any CPU.ActiveCfg = Release|Any CPU
		{CD725978-F16B-4872-ABE2-E6C874E40776}.Release|Any CPU.Build.0 = Release|Any CPU
		{068E83B2-E4D1-485B-86EA-F0957868E3D3}.Debug|Any CPU.ActiveCfg = Debug|Any CPU
		{068E83B2-E4D1-485B-86EA-F0957868E3D3}.Debug|Any CPU.Build.0 = Debug|Any CPU
		{068E83B2-E4D1-485B-86EA-F0957868E3D3}.Release|Any CPU.ActiveCfg = Release|Any CPU
		{068E83B2-E4D1-485B-86EA-F0957868E3D3}.Release|Any CPU.Build.0 = Release|Any CPU
		{25D7148B-40BD-4F0D-8D0A-EA2D0C8B2377}.Debug|Any CPU.ActiveCfg = Debug|Any CPU
		{25D7148B-40BD-4F0D-8D0A-EA2D0C8B2377}.Debug|Any CPU.Build.0 = Debug|Any CPU
		{25D7148B-40BD-4F0D-8D0A-EA2D0C8B2377}.Release|Any CPU.ActiveCfg = Release|Any CPU
		{25D7148B-40BD-4F0D-8D0A-EA2D0C8B2377}.Release|Any CPU.Build.0 = Release|Any CPU
		{A7243ADC-F181-4266-ADC2-AEC8381820EE}.Debug|Any CPU.ActiveCfg = Debug|Any CPU
		{A7243ADC-F181-4266-ADC2-AEC8381820EE}.Debug|Any CPU.Build.0 = Debug|Any CPU
		{A7243ADC-F181-4266-ADC2-AEC8381820EE}.Release|Any CPU.ActiveCfg = Release|Any CPU
		{A7243ADC-F181-4266-ADC2-AEC8381820EE}.Release|Any CPU.Build.0 = Release|Any CPU
	EndGlobalSection
	GlobalSection(SolutionProperties) = preSolution
		HideSolutionNode = FALSE
	EndGlobalSection
	GlobalSection(ExtensibilityGlobals) = postSolution
		SolutionGuid = {E0354D9B-5464-4569-AAE4-B147AAE55015}
	EndGlobalSection
EndGlobal
